
Microsoft Visual Studio Solution File, Format Version 12.00
# Visual Studio Version 17
VisualStudioVersion = 17.9.34616.47
MinimumVisualStudioVersion = 10.0.40219.1
Project("{8BC9CEB8-8B4A-11D0-8D11-00A0C91BC942}") = "TwinSuns_GE", "TwinSuns_GE\TwinSuns_GE.vcxproj", "{63405DD7-5399-421D-BB52-F3FE478A57C7}"
EndProject
Global
	GlobalSection(SolutionConfigurationPlatforms) = preSolution
		Debug|x64 = Debug|x64
		Debug|x86 = Debug|x86
		Release|x64 = Release|x64
		Release|x86 = Release|x86
	EndGlobalSection
	GlobalSection(ProjectConfigurationPlatforms) = postSolution
		{63405DD7-5399-421D-BB52-F3FE478A57C7}.Debug|x64.ActiveCfg = Debug|x64
		{63405DD7-5399-421D-BB52-F3FE478A57C7}.Debug|x64.Build.0 = Debug|x64
		{63405DD7-5399-421D-BB52-F3FE478A57C7}.Debug|x86.ActiveCfg = Debug|Win32
		{63405DD7-5399-421D-BB52-F3FE478A57C7}.Debug|x86.Build.0 = Debug|Win32
		{63405DD7-5399-421D-BB52-F3FE478A57C7}.Release|x64.ActiveCfg = Release|x64
		{63405DD7-5399-421D-BB52-F3FE478A57C7}.Release|x64.Build.0 = Release|x64
		{63405DD7-5399-421D-BB52-F3FE478A57C7}.Release|x86.ActiveCfg = Release|Win32
		{63405DD7-5399-421D-BB52-F3FE478A57C7}.Release|x86.Build.0 = Release|Win32
	EndGlobalSection
	GlobalSection(SolutionProperties) = preSolution
		HideSolutionNode = FALSE
	EndGlobalSection
	GlobalSection(ExtensibilityGlobals) = postSolution
		SolutionGuid = {EFED575E-1400-4E8F-8188-A6C3B925BA1D}
	EndGlobalSection
EndGlobal
